
Microsoft Visual Studio Solution File, Format Version 12.00
# Visual Studio Version 17
VisualStudioVersion = 17.9.34728.123
MinimumVisualStudioVersion = 10.0.40219.1
Project("{9A19103F-16F7-4668-BE54-9A1E7A4F7556}") = "POB2312", "POB2312.csproj", "{7AC351E1-0027-4DCA-A1D7-AB6992EF5D38}"
EndProject
Project("{9A19103F-16F7-4668-BE54-9A1E7A4F7556}") = "Calculeitor", "..\Calculeitor\Calculeitor.csproj", "{B2119DC9-231F-47CE-AAB8-61C44E816178}"
EndProject
Project("{9A19103F-16F7-4668-BE54-9A1E7A4F7556}") = "FonCartinka", "..\FonCartinka\FonCartinka.csproj", "{BED24706-8795-4B08-A9BA-EC1DAAA0D0E5}"
EndProject
Project("{FAE04EC0-301F-11D3-BF4B-00C04F79EFBC}") = "32 Lesson", "..\32 Lesson\32 Lesson.csproj", "{28EA0611-205C-477F-B8B0-5E18EF3257BA}"
EndProject
Project("{FAE04EC0-301F-11D3-BF4B-00C04F79EFBC}") = "31.2 Lesson", "..\31.2 Lesson\31.2 Lesson.csproj", "{8BA9EA2D-97B1-4905-832A-BA291C0DDBE7}"
EndProject
Project("{FAE04EC0-301F-11D3-BF4B-00C04F79EFBC}") = "33.lesson", "..\33.lesson\33.lesson.csproj", "{17BBE1B6-081C-440C-8AF1-5B3AA1D1561F}"
EndProject
Global
	GlobalSection(SolutionConfigurationPlatforms) = preSolution
		Debug|Any CPU = Debug|Any CPU
		Release|Any CPU = Release|Any CPU
	EndGlobalSection
	GlobalSection(ProjectConfigurationPlatforms) = postSolution
		{7AC351E1-0027-4DCA-A1D7-AB6992EF5D38}.Debug|Any CPU.ActiveCfg = Debug|Any CPU
		{7AC351E1-0027-4DCA-A1D7-AB6992EF5D38}.Debug|Any CPU.Build.0 = Debug|Any CPU
		{7AC351E1-0027-4DCA-A1D7-AB6992EF5D38}.Release|Any CPU.ActiveCfg = Release|Any CPU
		{7AC351E1-0027-4DCA-A1D7-AB6992EF5D38}.Release|Any CPU.Build.0 = Release|Any CPU
		{B2119DC9-231F-47CE-AAB8-61C44E816178}.Debug|Any CPU.ActiveCfg = Debug|Any CPU
		{B2119DC9-231F-47CE-AAB8-61C44E816178}.Debug|Any CPU.Build.0 = Debug|Any CPU
		{B2119DC9-231F-47CE-AAB8-61C44E816178}.Release|Any CPU.ActiveCfg = Release|Any CPU
		{B2119DC9-231F-47CE-AAB8-61C44E816178}.Release|Any CPU.Build.0 = Release|Any CPU
		{BED24706-8795-4B08-A9BA-EC1DAAA0D0E5}.Debug|Any CPU.ActiveCfg = Debug|Any CPU
		{BED24706-8795-4B08-A9BA-EC1DAAA0D0E5}.Debug|Any CPU.Build.0 = Debug|Any CPU
		{BED24706-8795-4B08-A9BA-EC1DAAA0D0E5}.Release|Any CPU.ActiveCfg = Release|Any CPU
		{BED24706-8795-4B08-A9BA-EC1DAAA0D0E5}.Release|Any CPU.Build.0 = Release|Any CPU
		{28EA0611-205C-477F-B8B0-5E18EF3257BA}.Debug|Any CPU.ActiveCfg = Debug|Any CPU
		{28EA0611-205C-477F-B8B0-5E18EF3257BA}.Debug|Any CPU.Build.0 = Debug|Any CPU
		{28EA0611-205C-477F-B8B0-5E18EF3257BA}.Release|Any CPU.ActiveCfg = Release|Any CPU
		{28EA0611-205C-477F-B8B0-5E18EF3257BA}.Release|Any CPU.Build.0 = Release|Any CPU
		{8BA9EA2D-97B1-4905-832A-BA291C0DDBE7}.Debug|Any CPU.ActiveCfg = Debug|Any CPU
		{8BA9EA2D-97B1-4905-832A-BA291C0DDBE7}.Debug|Any CPU.Build.0 = Debug|Any CPU
		{8BA9EA2D-97B1-4905-832A-BA291C0DDBE7}.Release|Any CPU.ActiveCfg = Release|Any CPU
		{8BA9EA2D-97B1-4905-832A-BA291C0DDBE7}.Release|Any CPU.Build.0 = Release|Any CPU
		{17BBE1B6-081C-440C-8AF1-5B3AA1D1561F}.Debug|Any CPU.ActiveCfg = Debug|Any CPU
		{17BBE1B6-081C-440C-8AF1-5B3AA1D1561F}.Debug|Any CPU.Build.0 = Debug|Any CPU
		{17BBE1B6-081C-440C-8AF1-5B3AA1D1561F}.Release|Any CPU.ActiveCfg = Release|Any CPU
		{17BBE1B6-081C-440C-8AF1-5B3AA1D1561F}.Release|Any CPU.Build.0 = Release|Any CPU
	EndGlobalSection
	GlobalSection(SolutionProperties) = preSolution
		HideSolutionNode = FALSE
	EndGlobalSection
	GlobalSection(ExtensibilityGlobals) = postSolution
		SolutionGuid = {A6A604FD-7AC8-4F0E-9ED9-68852CCEE6B1}
	EndGlobalSection
EndGlobal
